// !$*UTF8*$!
{
	archiveVersion = 1;
	classes = {
	};
	objectVersion = 50;
	objects = {

/* Begin PBXBuildFile section */
		4101038721248B5C0086143C /* AppDelegate.swift in Sources */ = {isa = PBXBuildFile; fileRef = 4101038621248B5C0086143C /* AppDelegate.swift */; };
		4101038921248B5C0086143C /* ViewController.swift in Sources */ = {isa = PBXBuildFile; fileRef = 4101038821248B5C0086143C /* ViewController.swift */; };
		4101038C21248B5C0086143C /* Main.storyboard in Resources */ = {isa = PBXBuildFile; fileRef = 4101038A21248B5C0086143C /* Main.storyboard */; };
		4101039121248B5D0086143C /* LaunchScreen.storyboard in Resources */ = {isa = PBXBuildFile; fileRef = 4101038F21248B5D0086143C /* LaunchScreen.storyboard */; };
		410103BA2124B67B0086143C /* mmlogo.jpg in Resources */ = {isa = PBXBuildFile; fileRef = 410103B82124B4F80086143C /* mmlogo.jpg */; };
		4174212D233FAAF100759F4F /* text in Resources */ = {isa = PBXBuildFile; fileRef = 4174212C233FAAF100759F4F /* text */; };
		41C532CF23DEC4B7004D5954 /* Images.xcassets in Resources */ = {isa = PBXBuildFile; fileRef = 41C532CE23DEC4B7004D5954 /* Images.xcassets */; };
		41DD95CC2124CE9700524E4F /* SecondViewController.swift in Sources */ = {isa = PBXBuildFile; fileRef = 41DD95CB2124CE9700524E4F /* SecondViewController.swift */; };
		41E7A2A023E3DEE7002154CE /* Brain.H03.2kiPhoneSpootlight7_40pt@2x.png in Resources */ = {isa = PBXBuildFile; fileRef = 41E7A28D23E3DEE7002154CE /* Brain.H03.2kiPhoneSpootlight7_40pt@2x.png */; };
		41E7A2A123E3DEE7002154CE /* Brain.H03.2kiPadApp_76pt@2x.png in Resources */ = {isa = PBXBuildFile; fileRef = 41E7A28E23E3DEE7002154CE /* Brain.H03.2kiPadApp_76pt@2x.png */; };
		41E7A2A223E3DEE7002154CE /* Brain.H03.2kiPadSpootlight5_29pt@2x.png in Resources */ = {isa = PBXBuildFile; fileRef = 41E7A28F23E3DEE7002154CE /* Brain.H03.2kiPadSpootlight5_29pt@2x.png */; };
		41E7A2A323E3DEE7002154CE /* Brain.H03.2kiPhoneSpootlight7_40pt@3x.png in Resources */ = {isa = PBXBuildFile; fileRef = 41E7A29023E3DEE7002154CE /* Brain.H03.2kiPhoneSpootlight7_40pt@3x.png */; };
		41E7A2A423E3DEE7002154CE /* Brain.H03.2kiPadSpootlight5_29pt.png in Resources */ = {isa = PBXBuildFile; fileRef = 41E7A29123E3DEE7002154CE /* Brain.H03.2kiPadSpootlight5_29pt.png */; };
		41E7A2A523E3DEE7002154CE /* Brain.H03.2kiPadSpootlight7_40pt.png in Resources */ = {isa = PBXBuildFile; fileRef = 41E7A29223E3DEE7002154CE /* Brain.H03.2kiPadSpootlight7_40pt.png */; };
		41E7A2A623E3DEE7002154CE /* Brain.H03.2kiPhoneSpootlight5_29pt@2x.png in Resources */ = {isa = PBXBuildFile; fileRef = 41E7A29323E3DEE7002154CE /* Brain.H03.2kiPhoneSpootlight5_29pt@2x.png */; };
		41E7A2A723E3DEE7002154CE /* Brain.H03.2kiPhoneNotification_20pt@3x.png in Resources */ = {isa = PBXBuildFile; fileRef = 41E7A29423E3DEE7002154CE /* Brain.H03.2kiPhoneNotification_20pt@3x.png */; };
		41E7A2A823E3DEE7002154CE /* Brain.H03.2kiPadProApp_83.5pt@2x.png in Resources */ = {isa = PBXBuildFile; fileRef = 41E7A29523E3DEE7002154CE /* Brain.H03.2kiPadProApp_83.5pt@2x.png */; };
		41E7A2A923E3DEE7002154CE /* Brain.H03.2kiPhoneNotification_20pt@2x.png in Resources */ = {isa = PBXBuildFile; fileRef = 41E7A29623E3DEE7002154CE /* Brain.H03.2kiPhoneNotification_20pt@2x.png */; };
		41E7A2AA23E3DEE7002154CE /* Brain.H03.2kiPhoneSpootlight5_29pt@3x.png in Resources */ = {isa = PBXBuildFile; fileRef = 41E7A29723E3DEE7002154CE /* Brain.H03.2kiPhoneSpootlight5_29pt@3x.png */; };
		41E7A2AB23E3DEE7002154CE /* Brain.H03.2kiPadSpootlight7_40pt@2x.png in Resources */ = {isa = PBXBuildFile; fileRef = 41E7A29823E3DEE7002154CE /* Brain.H03.2kiPadSpootlight7_40pt@2x.png */; };
		41E7A2AC23E3DEE7002154CE /* Brain.H03.2kiPadApp_76pt.png in Resources */ = {isa = PBXBuildFile; fileRef = 41E7A29923E3DEE7002154CE /* Brain.H03.2kiPadApp_76pt.png */; };
		41E7A2AD23E3DEE7002154CE /* Brain.H03.2kiPhoneApp_60pt@3x.png in Resources */ = {isa = PBXBuildFile; fileRef = 41E7A29A23E3DEE7002154CE /* Brain.H03.2kiPhoneApp_60pt@3x.png */; };
		41E7A2AE23E3DEE7002154CE /* Brain.H03.2kstore_1024pt.png in Resources */ = {isa = PBXBuildFile; fileRef = 41E7A29B23E3DEE7002154CE /* Brain.H03.2kstore_1024pt.png */; };
		41E7A2AF23E3DEE7002154CE /* Contents.json in Resources */ = {isa = PBXBuildFile; fileRef = 41E7A29C23E3DEE7002154CE /* Contents.json */; };
		41E7A2B023E3DEE7002154CE /* Brain.H03.2kiPhoneApp_60pt@2x.png in Resources */ = {isa = PBXBuildFile; fileRef = 41E7A29D23E3DEE7002154CE /* Brain.H03.2kiPhoneApp_60pt@2x.png */; };
		41E7A2B123E3DEE7002154CE /* Brain.H03.2kiPadNotifications_20pt.png in Resources */ = {isa = PBXBuildFile; fileRef = 41E7A29E23E3DEE7002154CE /* Brain.H03.2kiPadNotifications_20pt.png */; };
		41E7A2B223E3DEE7002154CE /* Brain.H03.2kiPadNotifications_20pt@2x.png in Resources */ = {isa = PBXBuildFile; fileRef = 41E7A29F23E3DEE7002154CE /* Brain.H03.2kiPadNotifications_20pt@2x.png */; };
		41ECBFC9234034E1004D67E6 /* logo.png in Resources */ = {isa = PBXBuildFile; fileRef = 41ECBFC8234034E1004D67E6 /* logo.png */; };
		41EDB6D223DC9505001D2467 /* Assets.xcassets in Resources */ = {isa = PBXBuildFile; fileRef = 41EDB6D123DC9505001D2467 /* Assets.xcassets */; };
		41EDB6D923DC9505001D2467 /* mmwatch Extension.appex in Embed App Extensions */ = {isa = PBXBuildFile; fileRef = 41EDB6D823DC9505001D2467 /* mmwatch Extension.appex */; settings = {ATTRIBUTES = (RemoveHeadersOnCopy, ); }; };
		41EDB6DE23DC9505001D2467 /* InterfaceController.swift in Sources */ = {isa = PBXBuildFile; fileRef = 41EDB6DD23DC9505001D2467 /* InterfaceController.swift */; };
		41EDB6E223DC9506001D2467 /* ExtensionDelegate.swift in Sources */ = {isa = PBXBuildFile; fileRef = 41EDB6E123DC9506001D2467 /* ExtensionDelegate.swift */; };
		41EDB6E423DC9506001D2467 /* ComplicationController.swift in Sources */ = {isa = PBXBuildFile; fileRef = 41EDB6E323DC9506001D2467 /* ComplicationController.swift */; };
		41EDB6E623DC9506001D2467 /* Assets.xcassets in Resources */ = {isa = PBXBuildFile; fileRef = 41EDB6E523DC9506001D2467 /* Assets.xcassets */; };
		41EDB6E923DC9506001D2467 /* Preview Assets.xcassets in Resources */ = {isa = PBXBuildFile; fileRef = 41EDB6E823DC9506001D2467 /* Preview Assets.xcassets */; };
		41EDB6ED23DC9506001D2467 /* mmwatch.app in Embed Watch Content */ = {isa = PBXBuildFile; fileRef = 41EDB6CC23DC9504001D2467 /* mmwatch.app */; settings = {ATTRIBUTES = (RemoveHeadersOnCopy, ); }; };
		41EDB6FC23DCBDE1001D2467 /* Interface.storyboard in Resources */ = {isa = PBXBuildFile; fileRef = 41EDB6FB23DCBDE1001D2467 /* Interface.storyboard */; };
/* End PBXBuildFile section */

/* Begin PBXContainerItemProxy section */
		4101039821248B5D0086143C /* PBXContainerItemProxy */ = {
			isa = PBXContainerItemProxy;
			containerPortal = 4101037B21248B5C0086143C /* Project object */;
			proxyType = 1;
			remoteGlobalIDString = 4101038221248B5C0086143C;
			remoteInfo = MindlessMed2;
		};
		410103A321248B5D0086143C /* PBXContainerItemProxy */ = {
			isa = PBXContainerItemProxy;
			containerPortal = 4101037B21248B5C0086143C /* Project object */;
			proxyType = 1;
			remoteGlobalIDString = 4101038221248B5C0086143C;
			remoteInfo = MindlessMed2;
		};
		41EDB6DA23DC9505001D2467 /* PBXContainerItemProxy */ = {
			isa = PBXContainerItemProxy;
			containerPortal = 4101037B21248B5C0086143C /* Project object */;
			proxyType = 1;
			remoteGlobalIDString = 41EDB6D723DC9505001D2467;
			remoteInfo = "mmwatch Extension";
		};
		41EDB6EB23DC9506001D2467 /* PBXContainerItemProxy */ = {
			isa = PBXContainerItemProxy;
			containerPortal = 4101037B21248B5C0086143C /* Project object */;
			proxyType = 1;
			remoteGlobalIDString = 41EDB6CB23DC9504001D2467;
			remoteInfo = mmwatch;
		};
/* End PBXContainerItemProxy section */

/* Begin PBXCopyFilesBuildPhase section */
		41EDB6F123DC9506001D2467 /* Embed App Extensions */ = {
			isa = PBXCopyFilesBuildPhase;
			buildActionMask = 2147483647;
			dstPath = "";
			dstSubfolderSpec = 13;
			files = (
				41EDB6D923DC9505001D2467 /* mmwatch Extension.appex in Embed App Extensions */,
			);
			name = "Embed App Extensions";
			runOnlyForDeploymentPostprocessing = 0;
		};
		41EDB6F523DC9506001D2467 /* Embed Watch Content */ = {
			isa = PBXCopyFilesBuildPhase;
			buildActionMask = 2147483647;
			dstPath = "$(CONTENTS_FOLDER_PATH)/Watch";
			dstSubfolderSpec = 16;
			files = (
				41EDB6ED23DC9506001D2467 /* mmwatch.app in Embed Watch Content */,
			);
			name = "Embed Watch Content";
			runOnlyForDeploymentPostprocessing = 0;
		};
/* End PBXCopyFilesBuildPhase section */

/* Begin PBXFileReference section */
		4101038321248B5C0086143C /* Mindless Meditation.app */ = {isa = PBXFileReference; explicitFileType = wrapper.application; includeInIndex = 0; path = "Mindless Meditation.app"; sourceTree = BUILT_PRODUCTS_DIR; };
		4101038621248B5C0086143C /* AppDelegate.swift */ = {isa = PBXFileReference; lastKnownFileType = sourcecode.swift; path = AppDelegate.swift; sourceTree = "<group>"; };
		4101038821248B5C0086143C /* ViewController.swift */ = {isa = PBXFileReference; lastKnownFileType = sourcecode.swift; path = ViewController.swift; sourceTree = "<group>"; };
		4101038B21248B5C0086143C /* Base */ = {isa = PBXFileReference; lastKnownFileType = file.storyboard; name = Base; path = Base.lproj/Main.storyboard; sourceTree = "<group>"; };
		4101039021248B5D0086143C /* Base */ = {isa = PBXFileReference; lastKnownFileType = file.storyboard; name = Base; path = Base.lproj/LaunchScreen.storyboard; sourceTree = "<group>"; };
		4101039221248B5D0086143C /* Info.plist */ = {isa = PBXFileReference; lastKnownFileType = text.plist.xml; path = Info.plist; sourceTree = "<group>"; };
		4101039721248B5D0086143C /* Mindless MeditationTests.xctest */ = {isa = PBXFileReference; explicitFileType = wrapper.cfbundle; includeInIndex = 0; path = "Mindless MeditationTests.xctest"; sourceTree = BUILT_PRODUCTS_DIR; };
		410103A221248B5D0086143C /* Mindless MeditationUITests.xctest */ = {isa = PBXFileReference; explicitFileType = wrapper.cfbundle; includeInIndex = 0; path = "Mindless MeditationUITests.xctest"; sourceTree = BUILT_PRODUCTS_DIR; };
		410103B82124B4F80086143C /* mmlogo.jpg */ = {isa = PBXFileReference; lastKnownFileType = image.jpeg; path = mmlogo.jpg; sourceTree = "<group>"; };
		413988502125255D005831F1 /* en */ = {isa = PBXFileReference; lastKnownFileType = text.plist.strings; name = en; path = en.lproj/Main.strings; sourceTree = "<group>"; };
		4174212C233FAAF100759F4F /* text */ = {isa = PBXFileReference; lastKnownFileType = folder; path = text; sourceTree = "<group>"; };
		41C532CE23DEC4B7004D5954 /* Images.xcassets */ = {isa = PBXFileReference; lastKnownFileType = folder.assetcatalog; path = Images.xcassets; sourceTree = "<group>"; };
		41DD95CB2124CE9700524E4F /* SecondViewController.swift */ = {isa = PBXFileReference; lastKnownFileType = sourcecode.swift; path = SecondViewController.swift; sourceTree = "<group>"; };
		41E7A28D23E3DEE7002154CE /* Brain.H03.2kiPhoneSpootlight7_40pt@2x.png */ = {isa = PBXFileReference; lastKnownFileType = image.png; path = "Brain.H03.2kiPhoneSpootlight7_40pt@2x.png"; sourceTree = "<group>"; };
		41E7A28E23E3DEE7002154CE /* Brain.H03.2kiPadApp_76pt@2x.png */ = {isa = PBXFileReference; lastKnownFileType = image.png; path = "Brain.H03.2kiPadApp_76pt@2x.png"; sourceTree = "<group>"; };
		41E7A28F23E3DEE7002154CE /* Brain.H03.2kiPadSpootlight5_29pt@2x.png */ = {isa = PBXFileReference; lastKnownFileType = image.png; path = "Brain.H03.2kiPadSpootlight5_29pt@2x.png"; sourceTree = "<group>"; };
		41E7A29023E3DEE7002154CE /* Brain.H03.2kiPhoneSpootlight7_40pt@3x.png */ = {isa = PBXFileReference; lastKnownFileType = image.png; path = "Brain.H03.2kiPhoneSpootlight7_40pt@3x.png"; sourceTree = "<group>"; };
		41E7A29123E3DEE7002154CE /* Brain.H03.2kiPadSpootlight5_29pt.png */ = {isa = PBXFileReference; lastKnownFileType = image.png; path = Brain.H03.2kiPadSpootlight5_29pt.png; sourceTree = "<group>"; };
		41E7A29223E3DEE7002154CE /* Brain.H03.2kiPadSpootlight7_40pt.png */ = {isa = PBXFileReference; lastKnownFileType = image.png; path = Brain.H03.2kiPadSpootlight7_40pt.png; sourceTree = "<group>"; };
		41E7A29323E3DEE7002154CE /* Brain.H03.2kiPhoneSpootlight5_29pt@2x.png */ = {isa = PBXFileReference; lastKnownFileType = image.png; path = "Brain.H03.2kiPhoneSpootlight5_29pt@2x.png"; sourceTree = "<group>"; };
		41E7A29423E3DEE7002154CE /* Brain.H03.2kiPhoneNotification_20pt@3x.png */ = {isa = PBXFileReference; lastKnownFileType = image.png; path = "Brain.H03.2kiPhoneNotification_20pt@3x.png"; sourceTree = "<group>"; };
		41E7A29523E3DEE7002154CE /* Brain.H03.2kiPadProApp_83.5pt@2x.png */ = {isa = PBXFileReference; lastKnownFileType = image.png; path = "Brain.H03.2kiPadProApp_83.5pt@2x.png"; sourceTree = "<group>"; };
		41E7A29623E3DEE7002154CE /* Brain.H03.2kiPhoneNotification_20pt@2x.png */ = {isa = PBXFileReference; lastKnownFileType = image.png; path = "Brain.H03.2kiPhoneNotification_20pt@2x.png"; sourceTree = "<group>"; };
		41E7A29723E3DEE7002154CE /* Brain.H03.2kiPhoneSpootlight5_29pt@3x.png */ = {isa = PBXFileReference; lastKnownFileType = image.png; path = "Brain.H03.2kiPhoneSpootlight5_29pt@3x.png"; sourceTree = "<group>"; };
		41E7A29823E3DEE7002154CE /* Brain.H03.2kiPadSpootlight7_40pt@2x.png */ = {isa = PBXFileReference; lastKnownFileType = image.png; path = "Brain.H03.2kiPadSpootlight7_40pt@2x.png"; sourceTree = "<group>"; };
		41E7A29923E3DEE7002154CE /* Brain.H03.2kiPadApp_76pt.png */ = {isa = PBXFileReference; lastKnownFileType = image.png; path = Brain.H03.2kiPadApp_76pt.png; sourceTree = "<group>"; };
		41E7A29A23E3DEE7002154CE /* Brain.H03.2kiPhoneApp_60pt@3x.png */ = {isa = PBXFileReference; lastKnownFileType = image.png; path = "Brain.H03.2kiPhoneApp_60pt@3x.png"; sourceTree = "<group>"; };
		41E7A29B23E3DEE7002154CE /* Brain.H03.2kstore_1024pt.png */ = {isa = PBXFileReference; lastKnownFileType = image.png; path = Brain.H03.2kstore_1024pt.png; sourceTree = "<group>"; };
		41E7A29C23E3DEE7002154CE /* Contents.json */ = {isa = PBXFileReference; fileEncoding = 4; lastKnownFileType = text.json; path = Contents.json; sourceTree = "<group>"; };
		41E7A29D23E3DEE7002154CE /* Brain.H03.2kiPhoneApp_60pt@2x.png */ = {isa = PBXFileReference; lastKnownFileType = image.png; path = "Brain.H03.2kiPhoneApp_60pt@2x.png"; sourceTree = "<group>"; };
		41E7A29E23E3DEE7002154CE /* Brain.H03.2kiPadNotifications_20pt.png */ = {isa = PBXFileReference; lastKnownFileType = image.png; path = Brain.H03.2kiPadNotifications_20pt.png; sourceTree = "<group>"; };
		41E7A29F23E3DEE7002154CE /* Brain.H03.2kiPadNotifications_20pt@2x.png */ = {isa = PBXFileReference; lastKnownFileType = image.png; path = "Brain.H03.2kiPadNotifications_20pt@2x.png"; sourceTree = "<group>"; };
		41ECBFC8234034E1004D67E6 /* logo.png */ = {isa = PBXFileReference; lastKnownFileType = image.png; path = logo.png; sourceTree = "<group>"; };
		41EDB6CC23DC9504001D2467 /* mmwatch.app */ = {isa = PBXFileReference; explicitFileType = wrapper.application; includeInIndex = 0; path = mmwatch.app; sourceTree = BUILT_PRODUCTS_DIR; };
		41EDB6D123DC9505001D2467 /* Assets.xcassets */ = {isa = PBXFileReference; lastKnownFileType = folder.assetcatalog; path = Assets.xcassets; sourceTree = "<group>"; };
		41EDB6D323DC9505001D2467 /* Info.plist */ = {isa = PBXFileReference; lastKnownFileType = text.plist.xml; path = Info.plist; sourceTree = "<group>"; };
		41EDB6D823DC9505001D2467 /* mmwatch Extension.appex */ = {isa = PBXFileReference; explicitFileType = "wrapper.app-extension"; includeInIndex = 0; path = "mmwatch Extension.appex"; sourceTree = BUILT_PRODUCTS_DIR; };
		41EDB6DD23DC9505001D2467 /* InterfaceController.swift */ = {isa = PBXFileReference; lastKnownFileType = sourcecode.swift; path = InterfaceController.swift; sourceTree = "<group>"; };
		41EDB6E123DC9506001D2467 /* ExtensionDelegate.swift */ = {isa = PBXFileReference; lastKnownFileType = sourcecode.swift; path = ExtensionDelegate.swift; sourceTree = "<group>"; };
		41EDB6E323DC9506001D2467 /* ComplicationController.swift */ = {isa = PBXFileReference; lastKnownFileType = sourcecode.swift; path = ComplicationController.swift; sourceTree = "<group>"; };
		41EDB6E523DC9506001D2467 /* Assets.xcassets */ = {isa = PBXFileReference; lastKnownFileType = folder.assetcatalog; path = Assets.xcassets; sourceTree = "<group>"; };
		41EDB6E823DC9506001D2467 /* Preview Assets.xcassets */ = {isa = PBXFileReference; lastKnownFileType = folder.assetcatalog; path = "Preview Assets.xcassets"; sourceTree = "<group>"; };
		41EDB6EA23DC9506001D2467 /* Info.plist */ = {isa = PBXFileReference; lastKnownFileType = text.plist.xml; path = Info.plist; sourceTree = "<group>"; };
		41EDB6FB23DCBDE1001D2467 /* Interface.storyboard */ = {isa = PBXFileReference; fileEncoding = 4; lastKnownFileType = file.storyboard; path = Interface.storyboard; sourceTree = "<group>"; };
/* End PBXFileReference section */

/* Begin PBXFrameworksBuildPhase section */
		4101038021248B5C0086143C /* Frameworks */ = {
			isa = PBXFrameworksBuildPhase;
			buildActionMask = 2147483647;
			files = (
			);
			runOnlyForDeploymentPostprocessing = 0;
		};
		4101039421248B5D0086143C /* Frameworks */ = {
			isa = PBXFrameworksBuildPhase;
			buildActionMask = 2147483647;
			files = (
			);
			runOnlyForDeploymentPostprocessing = 0;
		};
		4101039F21248B5D0086143C /* Frameworks */ = {
			isa = PBXFrameworksBuildPhase;
			buildActionMask = 2147483647;
			files = (
			);
			runOnlyForDeploymentPostprocessing = 0;
		};
		41EDB6D523DC9505001D2467 /* Frameworks */ = {
			isa = PBXFrameworksBuildPhase;
			buildActionMask = 2147483647;
			files = (
			);
			runOnlyForDeploymentPostprocessing = 0;
		};
/* End PBXFrameworksBuildPhase section */

/* Begin PBXGroup section */
		4101037A21248B5C0086143C = {
			isa = PBXGroup;
			children = (
				41E7A28C23E3DEE7002154CE /* AppIcon.appiconset */,
				4101038521248B5C0086143C /* MindlessMed2 */,
				41EDB6CD23DC9504001D2467 /* mmwatch */,
				41EDB6DC23DC9505001D2467 /* mmwatch Extension */,
				4101038421248B5C0086143C /* Products */,
			);
			sourceTree = "<group>";
		};
		4101038421248B5C0086143C /* Products */ = {
			isa = PBXGroup;
			children = (
				4101038321248B5C0086143C /* Mindless Meditation.app */,
				4101039721248B5D0086143C /* Mindless MeditationTests.xctest */,
				410103A221248B5D0086143C /* Mindless MeditationUITests.xctest */,
				41EDB6CC23DC9504001D2467 /* mmwatch.app */,
				41EDB6D823DC9505001D2467 /* mmwatch Extension.appex */,
			);
			name = Products;
			sourceTree = "<group>";
		};
		4101038521248B5C0086143C /* MindlessMed2 */ = {
			isa = PBXGroup;
			children = (
				41C532CE23DEC4B7004D5954 /* Images.xcassets */,
				4174212C233FAAF100759F4F /* text */,
				41DD95CB2124CE9700524E4F /* SecondViewController.swift */,
				4101038621248B5C0086143C /* AppDelegate.swift */,
				4101038821248B5C0086143C /* ViewController.swift */,
				4101038A21248B5C0086143C /* Main.storyboard */,
				41ECBFC8234034E1004D67E6 /* logo.png */,
				410103B82124B4F80086143C /* mmlogo.jpg */,
				4101038F21248B5D0086143C /* LaunchScreen.storyboard */,
				4101039221248B5D0086143C /* Info.plist */,
			);
			path = MindlessMed2;
			sourceTree = "<group>";
		};
		41E7A28C23E3DEE7002154CE /* AppIcon.appiconset */ = {
			isa = PBXGroup;
			children = (
				41E7A28D23E3DEE7002154CE /* Brain.H03.2kiPhoneSpootlight7_40pt@2x.png */,
				41E7A28E23E3DEE7002154CE /* Brain.H03.2kiPadApp_76pt@2x.png */,
				41E7A28F23E3DEE7002154CE /* Brain.H03.2kiPadSpootlight5_29pt@2x.png */,
				41E7A29023E3DEE7002154CE /* Brain.H03.2kiPhoneSpootlight7_40pt@3x.png */,
				41E7A29123E3DEE7002154CE /* Brain.H03.2kiPadSpootlight5_29pt.png */,
				41E7A29223E3DEE7002154CE /* Brain.H03.2kiPadSpootlight7_40pt.png */,
				41E7A29323E3DEE7002154CE /* Brain.H03.2kiPhoneSpootlight5_29pt@2x.png */,
				41E7A29423E3DEE7002154CE /* Brain.H03.2kiPhoneNotification_20pt@3x.png */,
				41E7A29523E3DEE7002154CE /* Brain.H03.2kiPadProApp_83.5pt@2x.png */,
				41E7A29623E3DEE7002154CE /* Brain.H03.2kiPhoneNotification_20pt@2x.png */,
				41E7A29723E3DEE7002154CE /* Brain.H03.2kiPhoneSpootlight5_29pt@3x.png */,
				41E7A29823E3DEE7002154CE /* Brain.H03.2kiPadSpootlight7_40pt@2x.png */,
				41E7A29923E3DEE7002154CE /* Brain.H03.2kiPadApp_76pt.png */,
				41E7A29A23E3DEE7002154CE /* Brain.H03.2kiPhoneApp_60pt@3x.png */,
				41E7A29B23E3DEE7002154CE /* Brain.H03.2kstore_1024pt.png */,
				41E7A29C23E3DEE7002154CE /* Contents.json */,
				41E7A29D23E3DEE7002154CE /* Brain.H03.2kiPhoneApp_60pt@2x.png */,
				41E7A29E23E3DEE7002154CE /* Brain.H03.2kiPadNotifications_20pt.png */,
				41E7A29F23E3DEE7002154CE /* Brain.H03.2kiPadNotifications_20pt@2x.png */,
			);
			path = AppIcon.appiconset;
			sourceTree = "<group>";
		};
		41EDB6CD23DC9504001D2467 /* mmwatch */ = {
			isa = PBXGroup;
			children = (
				41EDB6FB23DCBDE1001D2467 /* Interface.storyboard */,
				41EDB6D123DC9505001D2467 /* Assets.xcassets */,
				41EDB6D323DC9505001D2467 /* Info.plist */,
			);
			path = mmwatch;
			sourceTree = "<group>";
		};
		41EDB6DC23DC9505001D2467 /* mmwatch Extension */ = {
			isa = PBXGroup;
			children = (
				41EDB6DD23DC9505001D2467 /* InterfaceController.swift */,
				41EDB6E123DC9506001D2467 /* ExtensionDelegate.swift */,
				41EDB6E323DC9506001D2467 /* ComplicationController.swift */,
				41EDB6E523DC9506001D2467 /* Assets.xcassets */,
				41EDB6EA23DC9506001D2467 /* Info.plist */,
				41EDB6E723DC9506001D2467 /* Preview Content */,
			);
			path = "mmwatch Extension";
			sourceTree = "<group>";
		};
		41EDB6E723DC9506001D2467 /* Preview Content */ = {
			isa = PBXGroup;
			children = (
				41EDB6E823DC9506001D2467 /* Preview Assets.xcassets */,
			);
			path = "Preview Content";
			sourceTree = "<group>";
		};
/* End PBXGroup section */

/* Begin PBXNativeTarget section */
		4101038221248B5C0086143C /* Mindless Meditation */ = {
			isa = PBXNativeTarget;
			buildConfigurationList = 410103AB21248B5D0086143C /* Build configuration list for PBXNativeTarget "Mindless Meditation" */;
			buildPhases = (
				4101037F21248B5C0086143C /* Sources */,
				4101038021248B5C0086143C /* Frameworks */,
				4101038121248B5C0086143C /* Resources */,
				41EDB6F523DC9506001D2467 /* Embed Watch Content */,
			);
			buildRules = (
			);
			dependencies = (
				41EDB6EC23DC9506001D2467 /* PBXTargetDependency */,
			);
			name = "Mindless Meditation";
			productName = MindlessMed2;
			productReference = 4101038321248B5C0086143C /* Mindless Meditation.app */;
			productType = "com.apple.product-type.application";
		};
		4101039621248B5D0086143C /* Mindless MeditationTests */ = {
			isa = PBXNativeTarget;
			buildConfigurationList = 410103AE21248B5D0086143C /* Build configuration list for PBXNativeTarget "Mindless MeditationTests" */;
			buildPhases = (
				4101039321248B5D0086143C /* Sources */,
				4101039421248B5D0086143C /* Frameworks */,
				4101039521248B5D0086143C /* Resources */,
			);
			buildRules = (
			);
			dependencies = (
				4101039921248B5D0086143C /* PBXTargetDependency */,
			);
			name = "Mindless MeditationTests";
			productName = MindlessMEd4Tests;
			productReference = 4101039721248B5D0086143C /* Mindless MeditationTests.xctest */;
			productType = "com.apple.product-type.bundle.unit-test";
		};
		410103A121248B5D0086143C /* Mindless MeditationUITests */ = {
			isa = PBXNativeTarget;
			buildConfigurationList = 410103B121248B5D0086143C /* Build configuration list for PBXNativeTarget "Mindless MeditationUITests" */;
			buildPhases = (
				4101039E21248B5D0086143C /* Sources */,
				4101039F21248B5D0086143C /* Frameworks */,
				410103A021248B5D0086143C /* Resources */,
			);
			buildRules = (
			);
			dependencies = (
				410103A421248B5D0086143C /* PBXTargetDependency */,
			);
			name = "Mindless MeditationUITests";
			productName = MindlessMEd4UITests;
			productReference = 410103A221248B5D0086143C /* Mindless MeditationUITests.xctest */;
			productType = "com.apple.product-type.bundle.ui-testing";
		};
		41EDB6CB23DC9504001D2467 /* mmwatch */ = {
			isa = PBXNativeTarget;
			buildConfigurationList = 41EDB6F223DC9506001D2467 /* Build configuration list for PBXNativeTarget "mmwatch" */;
			buildPhases = (
				41EDB6CA23DC9504001D2467 /* Resources */,
				41EDB6F123DC9506001D2467 /* Embed App Extensions */,
			);
			buildRules = (
			);
			dependencies = (
				41EDB6DB23DC9505001D2467 /* PBXTargetDependency */,
			);
			name = mmwatch;
			productName = mmwatch;
			productReference = 41EDB6CC23DC9504001D2467 /* mmwatch.app */;
			productType = "com.apple.product-type.application.watchapp2";
		};
		41EDB6D723DC9505001D2467 /* mmwatch Extension */ = {
			isa = PBXNativeTarget;
			buildConfigurationList = 41EDB6EE23DC9506001D2467 /* Build configuration list for PBXNativeTarget "mmwatch Extension" */;
			buildPhases = (
				41EDB6D423DC9505001D2467 /* Sources */,
				41EDB6D523DC9505001D2467 /* Frameworks */,
				41EDB6D623DC9505001D2467 /* Resources */,
			);
			buildRules = (
			);
			dependencies = (
			);
			name = "mmwatch Extension";
			productName = "mmwatch Extension";
			productReference = 41EDB6D823DC9505001D2467 /* mmwatch Extension.appex */;
			productType = "com.apple.product-type.watchkit2-extension";
		};
/* End PBXNativeTarget section */

/* Begin PBXProject section */
		4101037B21248B5C0086143C /* Project object */ = {
			isa = PBXProject;
			attributes = {
				LastSwiftUpdateCheck = 1130;
				LastUpgradeCheck = 1000;
				ORGANIZATIONNAME = "Tommy Juhl";
				TargetAttributes = {
					4101038221248B5C0086143C = {
						CreatedOnToolsVersion = 10.0;
					};
					4101039621248B5D0086143C = {
						CreatedOnToolsVersion = 10.0;
						TestTargetID = 4101038221248B5C0086143C;
					};
					410103A121248B5D0086143C = {
						CreatedOnToolsVersion = 10.0;
						TestTargetID = 4101038221248B5C0086143C;
					};
					41EDB6CB23DC9504001D2467 = {
						CreatedOnToolsVersion = 11.3.1;
					};
					41EDB6D723DC9505001D2467 = {
						CreatedOnToolsVersion = 11.3.1;
					};
				};
			};
			buildConfigurationList = 4101037E21248B5C0086143C /* Build configuration list for PBXProject "Mindless Meditation" */;
			compatibilityVersion = "Xcode 9.3";
			developmentRegion = en;
			hasScannedForEncodings = 0;
			knownRegions = (
				en,
				Base,
			);
			mainGroup = 4101037A21248B5C0086143C;
			productRefGroup = 4101038421248B5C0086143C /* Products */;
			projectDirPath = "";
			projectRoot = "";
			targets = (
				4101038221248B5C0086143C /* Mindless Meditation */,
				4101039621248B5D0086143C /* Mindless MeditationTests */,
				410103A121248B5D0086143C /* Mindless MeditationUITests */,
				41EDB6CB23DC9504001D2467 /* mmwatch */,
				41EDB6D723DC9505001D2467 /* mmwatch Extension */,
			);
		};
/* End PBXProject section */

/* Begin PBXResourcesBuildPhase section */
		4101038121248B5C0086143C /* Resources */ = {
			isa = PBXResourcesBuildPhase;
			buildActionMask = 2147483647;
			files = (
				41E7A2B223E3DEE7002154CE /* Brain.H03.2kiPadNotifications_20pt@2x.png in Resources */,
				41E7A2A023E3DEE7002154CE /* Brain.H03.2kiPhoneSpootlight7_40pt@2x.png in Resources */,
				41E7A2A223E3DEE7002154CE /* Brain.H03.2kiPadSpootlight5_29pt@2x.png in Resources */,
				41E7A2A423E3DEE7002154CE /* Brain.H03.2kiPadSpootlight5_29pt.png in Resources */,
				41E7A2A823E3DEE7002154CE /* Brain.H03.2kiPadProApp_83.5pt@2x.png in Resources */,
				41E7A2AC23E3DEE7002154CE /* Brain.H03.2kiPadApp_76pt.png in Resources */,
				410103BA2124B67B0086143C /* mmlogo.jpg in Resources */,
				41E7A2A323E3DEE7002154CE /* Brain.H03.2kiPhoneSpootlight7_40pt@3x.png in Resources */,
				41E7A2A923E3DEE7002154CE /* Brain.H03.2kiPhoneNotification_20pt@2x.png in Resources */,
				41C532CF23DEC4B7004D5954 /* Images.xcassets in Resources */,
				41E7A2AF23E3DEE7002154CE /* Contents.json in Resources */,
				41E7A2B023E3DEE7002154CE /* Brain.H03.2kiPhoneApp_60pt@2x.png in Resources */,
				41E7A2AE23E3DEE7002154CE /* Brain.H03.2kstore_1024pt.png in Resources */,
				41E7A2A123E3DEE7002154CE /* Brain.H03.2kiPadApp_76pt@2x.png in Resources */,
				41E7A2A723E3DEE7002154CE /* Brain.H03.2kiPhoneNotification_20pt@3x.png in Resources */,
				4174212D233FAAF100759F4F /* text in Resources */,
				41E7A2AD23E3DEE7002154CE /* Brain.H03.2kiPhoneApp_60pt@3x.png in Resources */,
				41E7A2A523E3DEE7002154CE /* Brain.H03.2kiPadSpootlight7_40pt.png in Resources */,
				41ECBFC9234034E1004D67E6 /* logo.png in Resources */,
				41E7A2A623E3DEE7002154CE /* Brain.H03.2kiPhoneSpootlight5_29pt@2x.png in Resources */,
				4101039121248B5D0086143C /* LaunchScreen.storyboard in Resources */,
				4101038C21248B5C0086143C /* Main.storyboard in Resources */,
				41E7A2AA23E3DEE7002154CE /* Brain.H03.2kiPhoneSpootlight5_29pt@3x.png in Resources */,
				41E7A2B123E3DEE7002154CE /* Brain.H03.2kiPadNotifications_20pt.png in Resources */,
				41E7A2AB23E3DEE7002154CE /* Brain.H03.2kiPadSpootlight7_40pt@2x.png in Resources */,
			);
			runOnlyForDeploymentPostprocessing = 0;
		};
		4101039521248B5D0086143C /* Resources */ = {
			isa = PBXResourcesBuildPhase;
			buildActionMask = 2147483647;
			files = (
			);
			runOnlyForDeploymentPostprocessing = 0;
		};
		410103A021248B5D0086143C /* Resources */ = {
			isa = PBXResourcesBuildPhase;
			buildActionMask = 2147483647;
			files = (
			);
			runOnlyForDeploymentPostprocessing = 0;
		};
		41EDB6CA23DC9504001D2467 /* Resources */ = {
			isa = PBXResourcesBuildPhase;
			buildActionMask = 2147483647;
			files = (
				41EDB6D223DC9505001D2467 /* Assets.xcassets in Resources */,
				41EDB6FC23DCBDE1001D2467 /* Interface.storyboard in Resources */,
			);
			runOnlyForDeploymentPostprocessing = 0;
		};
		41EDB6D623DC9505001D2467 /* Resources */ = {
			isa = PBXResourcesBuildPhase;
			buildActionMask = 2147483647;
			files = (
				41EDB6E923DC9506001D2467 /* Preview Assets.xcassets in Resources */,
				41EDB6E623DC9506001D2467 /* Assets.xcassets in Resources */,
			);
			runOnlyForDeploymentPostprocessing = 0;
		};
/* End PBXResourcesBuildPhase section */

/* Begin PBXSourcesBuildPhase section */
		4101037F21248B5C0086143C /* Sources */ = {
			isa = PBXSourcesBuildPhase;
			buildActionMask = 2147483647;
			files = (
				41DD95CC2124CE9700524E4F /* SecondViewController.swift in Sources */,
				4101038921248B5C0086143C /* ViewController.swift in Sources */,
				4101038721248B5C0086143C /* AppDelegate.swift in Sources */,
			);
			runOnlyForDeploymentPostprocessing = 0;
		};
		4101039321248B5D0086143C /* Sources */ = {
			isa = PBXSourcesBuildPhase;
			buildActionMask = 2147483647;
			files = (
			);
			runOnlyForDeploymentPostprocessing = 0;
		};
		4101039E21248B5D0086143C /* Sources */ = {
			isa = PBXSourcesBuildPhase;
			buildActionMask = 2147483647;
			files = (
			);
			runOnlyForDeploymentPostprocessing = 0;
		};
		41EDB6D423DC9505001D2467 /* Sources */ = {
			isa = PBXSourcesBuildPhase;
			buildActionMask = 2147483647;
			files = (
				41EDB6E423DC9506001D2467 /* ComplicationController.swift in Sources */,
				41EDB6DE23DC9505001D2467 /* InterfaceController.swift in Sources */,
				41EDB6E223DC9506001D2467 /* ExtensionDelegate.swift in Sources */,
			);
			runOnlyForDeploymentPostprocessing = 0;
		};
/* End PBXSourcesBuildPhase section */

/* Begin PBXTargetDependency section */
		4101039921248B5D0086143C /* PBXTargetDependency */ = {
			isa = PBXTargetDependency;
			target = 4101038221248B5C0086143C /* Mindless Meditation */;
			targetProxy = 4101039821248B5D0086143C /* PBXContainerItemProxy */;
		};
		410103A421248B5D0086143C /* PBXTargetDependency */ = {
			isa = PBXTargetDependency;
			target = 4101038221248B5C0086143C /* Mindless Meditation */;
			targetProxy = 410103A321248B5D0086143C /* PBXContainerItemProxy */;
		};
		41EDB6DB23DC9505001D2467 /* PBXTargetDependency */ = {
			isa = PBXTargetDependency;
			target = 41EDB6D723DC9505001D2467 /* mmwatch Extension */;
			targetProxy = 41EDB6DA23DC9505001D2467 /* PBXContainerItemProxy */;
		};
		41EDB6EC23DC9506001D2467 /* PBXTargetDependency */ = {
			isa = PBXTargetDependency;
			target = 41EDB6CB23DC9504001D2467 /* mmwatch */;
			targetProxy = 41EDB6EB23DC9506001D2467 /* PBXContainerItemProxy */;
		};
/* End PBXTargetDependency section */

/* Begin PBXVariantGroup section */
		4101038A21248B5C0086143C /* Main.storyboard */ = {
			isa = PBXVariantGroup;
			children = (
				4101038B21248B5C0086143C /* Base */,
				413988502125255D005831F1 /* en */,
			);
			name = Main.storyboard;
			sourceTree = "<group>";
		};
		4101038F21248B5D0086143C /* LaunchScreen.storyboard */ = {
			isa = PBXVariantGroup;
			children = (
				4101039021248B5D0086143C /* Base */,
			);
			name = LaunchScreen.storyboard;
			sourceTree = "<group>";
		};
/* End PBXVariantGroup section */

/* Begin XCBuildConfiguration section */
		410103A921248B5D0086143C /* Debug */ = {
			isa = XCBuildConfiguration;
			buildSettings = {
				ALWAYS_SEARCH_USER_PATHS = NO;
				CLANG_ANALYZER_NONNULL = YES;
				CLANG_ANALYZER_NUMBER_OBJECT_CONVERSION = YES_AGGRESSIVE;
				CLANG_CXX_LANGUAGE_STANDARD = "gnu++14";
				CLANG_CXX_LIBRARY = "libc++";
				CLANG_ENABLE_MODULES = YES;
				CLANG_ENABLE_OBJC_ARC = YES;
				CLANG_ENABLE_OBJC_WEAK = YES;
				CLANG_WARN_BLOCK_CAPTURE_AUTORELEASING = YES;
				CLANG_WARN_BOOL_CONVERSION = YES;
				CLANG_WARN_COMMA = YES;
				CLANG_WARN_CONSTANT_CONVERSION = YES;
				CLANG_WARN_DEPRECATED_OBJC_IMPLEMENTATIONS = YES;
				CLANG_WARN_DIRECT_OBJC_ISA_USAGE = YES_ERROR;
				CLANG_WARN_DOCUMENTATION_COMMENTS = YES;
				CLANG_WARN_EMPTY_BODY = YES;
				CLANG_WARN_ENUM_CONVERSION = YES;
				CLANG_WARN_INFINITE_RECURSION = YES;
				CLANG_WARN_INT_CONVERSION = YES;
				CLANG_WARN_NON_LITERAL_NULL_CONVERSION = YES;
				CLANG_WARN_OBJC_IMPLICIT_RETAIN_SELF = YES;
				CLANG_WARN_OBJC_LITERAL_CONVERSION = YES;
				CLANG_WARN_OBJC_ROOT_CLASS = YES_ERROR;
				CLANG_WARN_RANGE_LOOP_ANALYSIS = YES;
				CLANG_WARN_STRICT_PROTOTYPES = YES;
				CLANG_WARN_SUSPICIOUS_MOVE = YES;
				CLANG_WARN_UNGUARDED_AVAILABILITY = YES_AGGRESSIVE;
				CLANG_WARN_UNREACHABLE_CODE = YES;
				CLANG_WARN__DUPLICATE_METHOD_MATCH = YES;
				CODE_SIGN_IDENTITY = "iPhone Developer";
				COPY_PHASE_STRIP = NO;
				DEBUG_INFORMATION_FORMAT = dwarf;
				ENABLE_STRICT_OBJC_MSGSEND = YES;
				ENABLE_TESTABILITY = YES;
				GCC_C_LANGUAGE_STANDARD = gnu11;
				GCC_DYNAMIC_NO_PIC = NO;
				GCC_NO_COMMON_BLOCKS = YES;
				GCC_OPTIMIZATION_LEVEL = 0;
				GCC_PREPROCESSOR_DEFINITIONS = (
					"DEBUG=1",
					"$(inherited)",
				);
				GCC_WARN_64_TO_32_BIT_CONVERSION = YES;
				GCC_WARN_ABOUT_RETURN_TYPE = YES_ERROR;
				GCC_WARN_UNDECLARED_SELECTOR = YES;
				GCC_WARN_UNINITIALIZED_AUTOS = YES_AGGRESSIVE;
				GCC_WARN_UNUSED_FUNCTION = YES;
				GCC_WARN_UNUSED_VARIABLE = YES;
				IPHONEOS_DEPLOYMENT_TARGET = 13.2;
				MTL_ENABLE_DEBUG_INFO = INCLUDE_SOURCE;
				MTL_FAST_MATH = YES;
				ONLY_ACTIVE_ARCH = YES;
				SDKROOT = iphoneos;
				SWIFT_ACTIVE_COMPILATION_CONDITIONS = DEBUG;
				SWIFT_OPTIMIZATION_LEVEL = "-Onone";
			};
			name = Debug;
		};
		410103AA21248B5D0086143C /* Release */ = {
			isa = XCBuildConfiguration;
			buildSettings = {
				ALWAYS_SEARCH_USER_PATHS = NO;
				CLANG_ANALYZER_NONNULL = YES;
				CLANG_ANALYZER_NUMBER_OBJECT_CONVERSION = YES_AGGRESSIVE;
				CLANG_CXX_LANGUAGE_STANDARD = "gnu++14";
				CLANG_CXX_LIBRARY = "libc++";
				CLANG_ENABLE_MODULES = YES;
				CLANG_ENABLE_OBJC_ARC = YES;
				CLANG_ENABLE_OBJC_WEAK = YES;
				CLANG_WARN_BLOCK_CAPTURE_AUTORELEASING = YES;
				CLANG_WARN_BOOL_CONVERSION = YES;
				CLANG_WARN_COMMA = YES;
				CLANG_WARN_CONSTANT_CONVERSION = YES;
				CLANG_WARN_DEPRECATED_OBJC_IMPLEMENTATIONS = YES;
				CLANG_WARN_DIRECT_OBJC_ISA_USAGE = YES_ERROR;
				CLANG_WARN_DOCUMENTATION_COMMENTS = YES;
				CLANG_WARN_EMPTY_BODY = YES;
				CLANG_WARN_ENUM_CONVERSION = YES;
				CLANG_WARN_INFINITE_RECURSION = YES;
				CLANG_WARN_INT_CONVERSION = YES;
				CLANG_WARN_NON_LITERAL_NULL_CONVERSION = YES;
				CLANG_WARN_OBJC_IMPLICIT_RETAIN_SELF = YES;
				CLANG_WARN_OBJC_LITERAL_CONVERSION = YES;
				CLANG_WARN_OBJC_ROOT_CLASS = YES_ERROR;
				CLANG_WARN_RANGE_LOOP_ANALYSIS = YES;
				CLANG_WARN_STRICT_PROTOTYPES = YES;
				CLANG_WARN_SUSPICIOUS_MOVE = YES;
				CLANG_WARN_UNGUARDED_AVAILABILITY = YES_AGGRESSIVE;
				CLANG_WARN_UNREACHABLE_CODE = YES;
				CLANG_WARN__DUPLICATE_METHOD_MATCH = YES;
				CODE_SIGN_IDENTITY = "iPhone Developer";
				COPY_PHASE_STRIP = NO;
				DEBUG_INFORMATION_FORMAT = "dwarf-with-dsym";
				ENABLE_NS_ASSERTIONS = NO;
				ENABLE_STRICT_OBJC_MSGSEND = YES;
				GCC_C_LANGUAGE_STANDARD = gnu11;
				GCC_NO_COMMON_BLOCKS = YES;
				GCC_WARN_64_TO_32_BIT_CONVERSION = YES;
				GCC_WARN_ABOUT_RETURN_TYPE = YES_ERROR;
				GCC_WARN_UNDECLARED_SELECTOR = YES;
				GCC_WARN_UNINITIALIZED_AUTOS = YES_AGGRESSIVE;
				GCC_WARN_UNUSED_FUNCTION = YES;
				GCC_WARN_UNUSED_VARIABLE = YES;
				IPHONEOS_DEPLOYMENT_TARGET = 13.2;
				MTL_ENABLE_DEBUG_INFO = NO;
				MTL_FAST_MATH = YES;
				SDKROOT = iphoneos;
				SWIFT_COMPILATION_MODE = wholemodule;
				SWIFT_OPTIMIZATION_LEVEL = "-O";
				VALIDATE_PRODUCT = YES;
			};
			name = Release;
		};
		410103AC21248B5D0086143C /* Debug */ = {
			isa = XCBuildConfiguration;
			buildSettings = {
				ASSETCATALOG_COMPILER_APPICON_NAME = AppIcon;
				CODE_SIGN_STYLE = Automatic;
				CURRENT_PROJECT_VERSION = 11;
				DEVELOPMENT_TEAM = 3ZSHX8FR4Y;
				INFOPLIST_FILE = MindlessMed2/Info.plist;
				IPHONEOS_DEPLOYMENT_TARGET = 13.2;
				LD_RUNPATH_SEARCH_PATHS = (
					"$(inherited)",
					"@executable_path/Frameworks",
				);
				MARKETING_VERSION = 2.0;
				PRODUCT_BUNDLE_IDENTIFIER = xyz.tommycode.mindlessmed;
				PRODUCT_NAME = "$(TARGET_NAME)";
				SWIFT_VERSION = 4.2;
				TARGETED_DEVICE_FAMILY = 1;
			};
			name = Debug;
		};
		410103AD21248B5D0086143C /* Release */ = {
			isa = XCBuildConfiguration;
			buildSettings = {
				ASSETCATALOG_COMPILER_APPICON_NAME = AppIcon;
				CODE_SIGN_STYLE = Automatic;
				CURRENT_PROJECT_VERSION = 11;
				DEVELOPMENT_TEAM = 3ZSHX8FR4Y;
				INFOPLIST_FILE = MindlessMed2/Info.plist;
				IPHONEOS_DEPLOYMENT_TARGET = 13.2;
				LD_RUNPATH_SEARCH_PATHS = (
					"$(inherited)",
					"@executable_path/Frameworks",
				);
				MARKETING_VERSION = 2.0;
				PRODUCT_BUNDLE_IDENTIFIER = xyz.tommycode.mindlessmed;
				PRODUCT_NAME = "$(TARGET_NAME)";
				SWIFT_VERSION = 4.2;
				TARGETED_DEVICE_FAMILY = 1;
			};
			name = Release;
		};
		410103AF21248B5D0086143C /* Debug */ = {
			isa = XCBuildConfiguration;
			buildSettings = {
				ALWAYS_EMBED_SWIFT_STANDARD_LIBRARIES = YES;
				BUNDLE_LOADER = "$(TEST_HOST)";
				CODE_SIGN_STYLE = Automatic;
				INFOPLIST_FILE = MindlessMEd4Tests/Info.plist;
				IPHONEOS_DEPLOYMENT_TARGET = 11.4;
				LD_RUNPATH_SEARCH_PATHS = (
					"$(inherited)",
					"@executable_path/Frameworks",
					"@loader_path/Frameworks",
				);
				PRODUCT_BUNDLE_IDENTIFIER = xyz.tommycode.MindlessMEd4Tests;
				PRODUCT_NAME = "$(TARGET_NAME)";
				SWIFT_VERSION = 4.2;
				TARGETED_DEVICE_FAMILY = "1,2";
				TEST_HOST = "$(BUILT_PRODUCTS_DIR)/Mindless Meditation.app/Mindless Meditation";
			};
			name = Debug;
		};
		410103B021248B5D0086143C /* Release */ = {
			isa = XCBuildConfiguration;
			buildSettings = {
				ALWAYS_EMBED_SWIFT_STANDARD_LIBRARIES = YES;
				BUNDLE_LOADER = "$(TEST_HOST)";
				CODE_SIGN_STYLE = Automatic;
				INFOPLIST_FILE = MindlessMEd4Tests/Info.plist;
				IPHONEOS_DEPLOYMENT_TARGET = 11.4;
				LD_RUNPATH_SEARCH_PATHS = (
					"$(inherited)",
					"@executable_path/Frameworks",
					"@loader_path/Frameworks",
				);
				PRODUCT_BUNDLE_IDENTIFIER = xyz.tommycode.MindlessMEd4Tests;
				PRODUCT_NAME = "$(TARGET_NAME)";
				SWIFT_VERSION = 4.2;
				TARGETED_DEVICE_FAMILY = "1,2";
				TEST_HOST = "$(BUILT_PRODUCTS_DIR)/Mindless Meditation.app/Mindless Meditation";
			};
			name = Release;
		};
		410103B221248B5D0086143C /* Debug */ = {
			isa = XCBuildConfiguration;
			buildSettings = {
				ALWAYS_EMBED_SWIFT_STANDARD_LIBRARIES = YES;
				CODE_SIGN_STYLE = Automatic;
				DEVELOPMENT_TEAM = 3ZSHX8FR4Y;
				INFOPLIST_FILE = MindlessMEd4UITests/Info.plist;
				IPHONEOS_DEPLOYMENT_TARGET = 11.4;
				LD_RUNPATH_SEARCH_PATHS = (
					"$(inherited)",
					"@executable_path/Frameworks",
					"@loader_path/Frameworks",
				);
				PRODUCT_BUNDLE_IDENTIFIER = xyz.tommycode.MindlessMEd4UITests;
				PRODUCT_NAME = "$(TARGET_NAME)";
				SWIFT_VERSION = 4.2;
				TARGETED_DEVICE_FAMILY = "1,2";
				TEST_TARGET_NAME = MindlessMed2;
			};
			name = Debug;
		};
		410103B321248B5D0086143C /* Release */ = {
			isa = XCBuildConfiguration;
			buildSettings = {
				ALWAYS_EMBED_SWIFT_STANDARD_LIBRARIES = YES;
				CODE_SIGN_STYLE = Automatic;
				DEVELOPMENT_TEAM = 3ZSHX8FR4Y;
				INFOPLIST_FILE = MindlessMEd4UITests/Info.plist;
				IPHONEOS_DEPLOYMENT_TARGET = 11.4;
				LD_RUNPATH_SEARCH_PATHS = (
					"$(inherited)",
					"@executable_path/Frameworks",
					"@loader_path/Frameworks",
				);
				PRODUCT_BUNDLE_IDENTIFIER = xyz.tommycode.MindlessMEd4UITests;
				PRODUCT_NAME = "$(TARGET_NAME)";
				SWIFT_VERSION = 4.2;
				TARGETED_DEVICE_FAMILY = "1,2";
				TEST_TARGET_NAME = MindlessMed2;
			};
			name = Release;
		};
		41EDB6EF23DC9506001D2467 /* Debug */ = {
			isa = XCBuildConfiguration;
			buildSettings = {
				ASSETCATALOG_COMPILER_COMPLICATION_NAME = Complication;
				CODE_SIGN_STYLE = Automatic;
				CURRENT_PROJECT_VERSION = 1;
				DEVELOPMENT_ASSET_PATHS = "\"mmwatch Extension/Preview Content\"";
				DEVELOPMENT_TEAM = 3ZSHX8FR4Y;
				ENABLE_PREVIEWS = YES;
				INFOPLIST_FILE = "mmwatch Extension/Info.plist";
				LD_RUNPATH_SEARCH_PATHS = (
					"$(inherited)",
					"@executable_path/Frameworks",
					"@executable_path/../../Frameworks",
				);
				PRODUCT_BUNDLE_IDENTIFIER = xyz.tommycode.mindlessmed.watchkitapp.watchkitextension;
				PRODUCT_NAME = "${TARGET_NAME}";
				SDKROOT = watchos;
				SKIP_INSTALL = YES;
				SWIFT_VERSION = 5.0;
				TARGETED_DEVICE_FAMILY = 4;
				WATCHOS_DEPLOYMENT_TARGET = 6.1;
			};
			name = Debug;
		};
		41EDB6F023DC9506001D2467 /* Release */ = {
			isa = XCBuildConfiguration;
			buildSettings = {
				ASSETCATALOG_COMPILER_COMPLICATION_NAME = Complication;
				CODE_SIGN_STYLE = Automatic;
				CURRENT_PROJECT_VERSION = 1;
				DEVELOPMENT_ASSET_PATHS = "\"mmwatch Extension/Preview Content\"";
				DEVELOPMENT_TEAM = 3ZSHX8FR4Y;
				ENABLE_PREVIEWS = YES;
				INFOPLIST_FILE = "mmwatch Extension/Info.plist";
				LD_RUNPATH_SEARCH_PATHS = (
					"$(inherited)",
					"@executable_path/Frameworks",
					"@executable_path/../../Frameworks",
				);
				PRODUCT_BUNDLE_IDENTIFIER = xyz.tommycode.mindlessmed.watchkitapp.watchkitextension;
				PRODUCT_NAME = "${TARGET_NAME}";
				SDKROOT = watchos;
				SKIP_INSTALL = YES;
				SWIFT_VERSION = 5.0;
				TARGETED_DEVICE_FAMILY = 4;
				WATCHOS_DEPLOYMENT_TARGET = 6.1;
			};
			name = Release;
		};
		41EDB6F323DC9506001D2467 /* Debug */ = {
			isa = XCBuildConfiguration;
			buildSettings = {
				ALWAYS_EMBED_SWIFT_STANDARD_LIBRARIES = YES;
				ASSETCATALOG_COMPILER_APPICON_NAME = AppIcon;
				CODE_SIGN_STYLE = Automatic;
				CURRENT_PROJECT_VERSION = 11;
				DEVELOPMENT_TEAM = 3ZSHX8FR4Y;
				IBSC_MODULE = mmwatch_Extension;
				INFOPLIST_FILE = mmwatch/Info.plist;
				MARKETING_VERSION = 2.0;
				PRODUCT_BUNDLE_IDENTIFIER = xyz.tommycode.mindlessmed.watchkitapp;
				PRODUCT_NAME = "$(TARGET_NAME)";
				SDKROOT = watchos;
				SKIP_INSTALL = YES;
				SWIFT_VERSION = 5.0;
				TARGETED_DEVICE_FAMILY = 4;
				WATCHOS_DEPLOYMENT_TARGET = 6.1;
			};
			name = Debug;
		};
		41EDB6F423DC9506001D2467 /* Release */ = {
			isa = XCBuildConfiguration;
			buildSettings = {
				ALWAYS_EMBED_SWIFT_STANDARD_LIBRARIES = YES;
				ASSETCATALOG_COMPILER_APPICON_NAME = AppIcon;
				CODE_SIGN_STYLE = Automatic;
				CURRENT_PROJECT_VERSION = 11;
				DEVELOPMENT_TEAM = 3ZSHX8FR4Y;
				IBSC_MODULE = mmwatch_Extension;
				INFOPLIST_FILE = mmwatch/Info.plist;
				MARKETING_VERSION = 2.0;
				PRODUCT_BUNDLE_IDENTIFIER = xyz.tommycode.mindlessmed.watchkitapp;
				PRODUCT_NAME = "$(TARGET_NAME)";
				SDKROOT = watchos;
				SKIP_INSTALL = YES;
				SWIFT_VERSION = 5.0;
				TARGETED_DEVICE_FAMILY = 4;
				WATCHOS_DEPLOYMENT_TARGET = 6.1;
			};
			name = Release;
		};
/* End XCBuildConfiguration section */

/* Begin XCConfigurationList section */
		4101037E21248B5C0086143C /* Build configuration list for PBXProject "Mindless Meditation" */ = {
			isa = XCConfigurationList;
			buildConfigurations = (
				410103A921248B5D0086143C /* Debug */,
				410103AA21248B5D0086143C /* Release */,
			);
			defaultConfigurationIsVisible = 0;
			defaultConfigurationName = Release;
		};
		410103AB21248B5D0086143C /* Build configuration list for PBXNativeTarget "Mindless Meditation" */ = {
			isa = XCConfigurationList;
			buildConfigurations = (
				410103AC21248B5D0086143C /* Debug */,
				410103AD21248B5D0086143C /* Release */,
			);
			defaultConfigurationIsVisible = 0;
			defaultConfigurationName = Release;
		};
		410103AE21248B5D0086143C /* Build configuration list for PBXNativeTarget "Mindless MeditationTests" */ = {
			isa = XCConfigurationList;
			buildConfigurations = (
				410103AF21248B5D0086143C /* Debug */,
				410103B021248B5D0086143C /* Release */,
			);
			defaultConfigurationIsVisible = 0;
			defaultConfigurationName = Release;
		};
		410103B121248B5D0086143C /* Build configuration list for PBXNativeTarget "Mindless MeditationUITests" */ = {
			isa = XCConfigurationList;
			buildConfigurations = (
				410103B221248B5D0086143C /* Debug */,
				410103B321248B5D0086143C /* Release */,
			);
			defaultConfigurationIsVisible = 0;
			defaultConfigurationName = Release;
		};
		41EDB6EE23DC9506001D2467 /* Build configuration list for PBXNativeTarget "mmwatch Extension" */ = {
			isa = XCConfigurationList;
			buildConfigurations = (
				41EDB6EF23DC9506001D2467 /* Debug */,
				41EDB6F023DC9506001D2467 /* Release */,
			);
			defaultConfigurationIsVisible = 0;
			defaultConfigurationName = Release;
		};
		41EDB6F223DC9506001D2467 /* Build configuration list for PBXNativeTarget "mmwatch" */ = {
			isa = XCConfigurationList;
			buildConfigurations = (
				41EDB6F323DC9506001D2467 /* Debug */,
				41EDB6F423DC9506001D2467 /* Release */,
			);
			defaultConfigurationIsVisible = 0;
			defaultConfigurationName = Release;
		};
/* End XCConfigurationList section */
	};
	rootObject = 4101037B21248B5C0086143C /* Project object */;
}
